// !$*UTF8*$!
{
	archiveVersion = 1;
	classes = {
	};
	objectVersion = 46;
	objects = {

/* Begin PBXBuildFile section */
		882DD83B15988B55004B0134 /* UIKit.framework in Frameworks */ = {isa = PBXBuildFile; fileRef = 882DD83A15988B55004B0134 /* UIKit.framework */; };
		882DD83D15988B55004B0134 /* Foundation.framework in Frameworks */ = {isa = PBXBuildFile; fileRef = 882DD83C15988B55004B0134 /* Foundation.framework */; };
		882DD83F15988B55004B0134 /* CoreGraphics.framework in Frameworks */ = {isa = PBXBuildFile; fileRef = 882DD83E15988B55004B0134 /* CoreGraphics.framework */; };
		882DD84515988B55004B0134 /* InfoPlist.strings in Resources */ = {isa = PBXBuildFile; fileRef = 882DD84315988B55004B0134 /* InfoPlist.strings */; };
		882DD84715988B55004B0134 /* main.m in Sources */ = {isa = PBXBuildFile; fileRef = 882DD84615988B55004B0134 /* main.m */; };
		882DD84B15988B55004B0134 /* AppDelegate.m in Sources */ = {isa = PBXBuildFile; fileRef = 882DD84A15988B55004B0134 /* AppDelegate.m */; };
		88B74098159891D600FB5092 /* Demo1ViewController.m in Sources */ = {isa = PBXBuildFile; fileRef = 88B74096159891D600FB5092 /* Demo1ViewController.m */; };
		88B74099159891D600FB5092 /* Demo1ViewController.xib in Resources */ = {isa = PBXBuildFile; fileRef = 88B74097159891D600FB5092 /* Demo1ViewController.xib */; };
		88B740A11598BC5E00FB5092 /* Icon.png in Resources */ = {isa = PBXBuildFile; fileRef = 88B740A01598BC5E00FB5092 /* Icon.png */; };
		88B740A31598BC6200FB5092 /* Icon@2x.png in Resources */ = {isa = PBXBuildFile; fileRef = 88B740A21598BC6200FB5092 /* Icon@2x.png */; };
		D308A645180A43009E7ACE1A /* libPods.a in Frameworks */ = {isa = PBXBuildFile; fileRef = A6AB618BE4D64C62A690F8FD /* libPods.a */; };
/* End PBXBuildFile section */

/* Begin PBXFileReference section */
		882DD83615988B55004B0134 /* RestKitDemo1.app */ = {isa = PBXFileReference; explicitFileType = wrapper.application; includeInIndex = 0; path = RestKitDemo1.app; sourceTree = BUILT_PRODUCTS_DIR; };
		882DD83A15988B55004B0134 /* UIKit.framework */ = {isa = PBXFileReference; lastKnownFileType = wrapper.framework; name = UIKit.framework; path = System/Library/Frameworks/UIKit.framework; sourceTree = SDKROOT; };
		882DD83C15988B55004B0134 /* Foundation.framework */ = {isa = PBXFileReference; lastKnownFileType = wrapper.framework; name = Foundation.framework; path = System/Library/Frameworks/Foundation.framework; sourceTree = SDKROOT; };
		882DD83E15988B55004B0134 /* CoreGraphics.framework */ = {isa = PBXFileReference; lastKnownFileType = wrapper.framework; name = CoreGraphics.framework; path = System/Library/Frameworks/CoreGraphics.framework; sourceTree = SDKROOT; };
		882DD84215988B55004B0134 /* RestKitDemo1-Info.plist */ = {isa = PBXFileReference; lastKnownFileType = text.plist.xml; path = "RestKitDemo1-Info.plist"; sourceTree = "<group>"; };
		882DD84415988B55004B0134 /* en */ = {isa = PBXFileReference; lastKnownFileType = text.plist.strings; name = en; path = en.lproj/InfoPlist.strings; sourceTree = "<group>"; };
		882DD84615988B55004B0134 /* main.m */ = {isa = PBXFileReference; lastKnownFileType = sourcecode.c.objc; path = main.m; sourceTree = "<group>"; };
		882DD84815988B55004B0134 /* RestKitDemo1-Prefix.pch */ = {isa = PBXFileReference; lastKnownFileType = sourcecode.c.h; path = "RestKitDemo1-Prefix.pch"; sourceTree = "<group>"; };
		882DD84915988B55004B0134 /* AppDelegate.h */ = {isa = PBXFileReference; lastKnownFileType = sourcecode.c.h; path = AppDelegate.h; sourceTree = "<group>"; };
		882DD84A15988B55004B0134 /* AppDelegate.m */ = {isa = PBXFileReference; lastKnownFileType = sourcecode.c.objc; path = AppDelegate.m; sourceTree = "<group>"; };
		88B74095159891D600FB5092 /* Demo1ViewController.h */ = {isa = PBXFileReference; fileEncoding = 4; lastKnownFileType = sourcecode.c.h; path = Demo1ViewController.h; sourceTree = "<group>"; };
		88B74096159891D600FB5092 /* Demo1ViewController.m */ = {isa = PBXFileReference; fileEncoding = 4; lastKnownFileType = sourcecode.c.objc; path = Demo1ViewController.m; sourceTree = "<group>"; };
		88B74097159891D600FB5092 /* Demo1ViewController.xib */ = {isa = PBXFileReference; fileEncoding = 4; lastKnownFileType = file.xib; path = Demo1ViewController.xib; sourceTree = "<group>"; };
		88B740A01598BC5E00FB5092 /* Icon.png */ = {isa = PBXFileReference; lastKnownFileType = image.png; path = Icon.png; sourceTree = "<group>"; };
		88B740A21598BC6200FB5092 /* Icon@2x.png */ = {isa = PBXFileReference; lastKnownFileType = image.png; path = "Icon@2x.png"; sourceTree = "<group>"; };
		A6AB618BE4D64C62A690F8FD /* libPods.a */ = {isa = PBXFileReference; explicitFileType = archive.ar; includeInIndex = 0; path = libPods.a; sourceTree = BUILT_PRODUCTS_DIR; };
		FBB15FE7DBD642B4A7A9CD67 /* Pods.xcconfig */ = {isa = PBXFileReference; lastKnownFileType = text.xcconfig; name = Pods.xcconfig; path = Pods/Pods.xcconfig; sourceTree = SOURCE_ROOT; };
/* End PBXFileReference section */

/* Begin PBXFrameworksBuildPhase section */
		882DD83315988B55004B0134 /* Frameworks */ = {
			isa = PBXFrameworksBuildPhase;
			buildActionMask = 2147483647;
			files = (
				882DD83B15988B55004B0134 /* UIKit.framework in Frameworks */,
				882DD83D15988B55004B0134 /* Foundation.framework in Frameworks */,
				882DD83F15988B55004B0134 /* CoreGraphics.framework in Frameworks */,
				D308A645180A43009E7ACE1A /* libPods.a in Frameworks */,
			);
			runOnlyForDeploymentPostprocessing = 0;
		};
/* End PBXFrameworksBuildPhase section */

/* Begin PBXGroup section */
		882DD82B15988B55004B0134 = {
			isa = PBXGroup;
			children = (
				882DD84015988B55004B0134 /* RestKitDemo1 */,
				882DD83915988B55004B0134 /* Frameworks */,
				882DD83715988B55004B0134 /* Products */,
				FBB15FE7DBD642B4A7A9CD67 /* Pods.xcconfig */,
				88B740A01598BC5E00FB5092 /* Icon.png */,
				88B740A21598BC6200FB5092 /* Icon@2x.png */,
			);
			sourceTree = "<group>";
		};
		882DD83715988B55004B0134 /* Products */ = {
			isa = PBXGroup;
			children = (
				882DD83615988B55004B0134 /* RestKitDemo1.app */,
			);
			name = Products;
			sourceTree = "<group>";
		};
		882DD83915988B55004B0134 /* Frameworks */ = {
			isa = PBXGroup;
			children = (
				882DD83A15988B55004B0134 /* UIKit.framework */,
				882DD83C15988B55004B0134 /* Foundation.framework */,
				882DD83E15988B55004B0134 /* CoreGraphics.framework */,
				A6AB618BE4D64C62A690F8FD /* libPods.a */,
			);
			name = Frameworks;
			sourceTree = "<group>";
		};
		882DD84015988B55004B0134 /* RestKitDemo1 */ = {
			isa = PBXGroup;
			children = (
				882DD84115988B55004B0134 /* Supporting Files */,
				882DD84915988B55004B0134 /* AppDelegate.h */,
				882DD84A15988B55004B0134 /* AppDelegate.m */,
				88B74095159891D600FB5092 /* Demo1ViewController.h */,
				88B74096159891D600FB5092 /* Demo1ViewController.m */,
				88B74097159891D600FB5092 /* Demo1ViewController.xib */,
			);
			path = RestKitDemo1;
			sourceTree = "<group>";
		};
		882DD84115988B55004B0134 /* Supporting Files */ = {
			isa = PBXGroup;
			children = (
				882DD84215988B55004B0134 /* RestKitDemo1-Info.plist */,
				882DD84315988B55004B0134 /* InfoPlist.strings */,
				882DD84615988B55004B0134 /* main.m */,
				882DD84815988B55004B0134 /* RestKitDemo1-Prefix.pch */,
			);
			name = "Supporting Files";
			sourceTree = "<group>";
		};
/* End PBXGroup section */

/* Begin PBXNativeTarget section */
		882DD83515988B55004B0134 /* RestKitDemo1 */ = {
			isa = PBXNativeTarget;
			buildConfigurationList = 882DD84E15988B55004B0134 /* Build configuration list for PBXNativeTarget "RestKitDemo1" */;
			buildPhases = (
				882DD83215988B55004B0134 /* Sources */,
				882DD83315988B55004B0134 /* Frameworks */,
				882DD83415988B55004B0134 /* Resources */,
				6706BC0A20394A50A0496731 /* Copy Pods Resources */,
			);
			buildRules = (
			);
			dependencies = (
			);
			name = RestKitDemo1;
			productName = RestKitDemo1;
			productReference = 882DD83615988B55004B0134 /* RestKitDemo1.app */;
			productType = "com.apple.product-type.application";
		};
/* End PBXNativeTarget section */

/* Begin PBXProject section */
		882DD82D15988B55004B0134 /* Project object */ = {
			isa = PBXProject;
			attributes = {
				LastUpgradeCheck = 0450;
				ORGANIZATIONNAME = "Peter Friese";
			};
			buildConfigurationList = 882DD83015988B55004B0134 /* Build configuration list for PBXProject "RestKitDemo1" */;
			compatibilityVersion = "Xcode 3.2";
			developmentRegion = English;
			hasScannedForEncodings = 0;
			knownRegions = (
				en,
			);
			mainGroup = 882DD82B15988B55004B0134;
			productRefGroup = 882DD83715988B55004B0134 /* Products */;
			projectDirPath = "";
			projectRoot = "";
			targets = (
				882DD83515988B55004B0134 /* RestKitDemo1 */,
			);
		};
/* End PBXProject section */

/* Begin PBXResourcesBuildPhase section */
		882DD83415988B55004B0134 /* Resources */ = {
			isa = PBXResourcesBuildPhase;
			buildActionMask = 2147483647;
			files = (
				882DD84515988B55004B0134 /* InfoPlist.strings in Resources */,
				88B74099159891D600FB5092 /* Demo1ViewController.xib in Resources */,
				88B740A11598BC5E00FB5092 /* Icon.png in Resources */,
				88B740A31598BC6200FB5092 /* Icon@2x.png in Resources */,
			);
			runOnlyForDeploymentPostprocessing = 0;
		};
/* End PBXResourcesBuildPhase section */

/* Begin PBXShellScriptBuildPhase section */
		6706BC0A20394A50A0496731 /* Copy Pods Resources */ = {
			isa = PBXShellScriptBuildPhase;
			buildActionMask = 2147483647;
			files = (
			);
			inputPaths = (
			);
			name = "Copy Pods Resources";
			outputPaths = (
			);
			runOnlyForDeploymentPostprocessing = 0;
			shellPath = /bin/sh;
			shellScript = "\"${SRCROOT}/Pods/Pods-resources.sh\"\n";
		};
/* End PBXShellScriptBuildPhase section */

/* Begin PBXSourcesBuildPhase section */
		882DD83215988B55004B0134 /* Sources */ = {
			isa = PBXSourcesBuildPhase;
			buildActionMask = 2147483647;
			files = (
				882DD84715988B55004B0134 /* main.m in Sources */,
				882DD84B15988B55004B0134 /* AppDelegate.m in Sources */,
				88B74098159891D600FB5092 /* Demo1ViewController.m in Sources */,
			);
			runOnlyForDeploymentPostprocessing = 0;
		};
/* End PBXSourcesBuildPhase section */

/* Begin PBXVariantGroup section */
		882DD84315988B55004B0134 /* InfoPlist.strings */ = {
			isa = PBXVariantGroup;
			children = (
				882DD84415988B55004B0134 /* en */,
			);
			name = InfoPlist.strings;
			sourceTree = "<group>";
		};
/* End PBXVariantGroup section */

/* Begin XCBuildConfiguration section */
		882DD84C15988B55004B0134 /* Debug */ = {
			isa = XCBuildConfiguration;
			buildSettings = {
				ALWAYS_SEARCH_USER_PATHS = NO;
				CLANG_CXX_LANGUAGE_STANDARD = "gnu++0x";
				CLANG_ENABLE_OBJC_ARC = YES;
				CLANG_WARN__DUPLICATE_METHOD_MATCH = YES;
				"CODE_SIGN_IDENTITY[sdk=iphoneos*]" = "iPhone Developer";
				COPY_PHASE_STRIP = NO;
				GCC_C_LANGUAGE_STANDARD = gnu99;
				GCC_DYNAMIC_NO_PIC = NO;
				GCC_OPTIMIZATION_LEVEL = 0;
				GCC_PREPROCESSOR_DEFINITIONS = (
					"DEBUG=1",
					"$(inherited)",
				);
				GCC_SYMBOLS_PRIVATE_EXTERN = NO;
				GCC_WARN_ABOUT_RETURN_TYPE = YES;
				GCC_WARN_UNINITIALIZED_AUTOS = YES;
				GCC_WARN_UNUSED_VARIABLE = YES;
				IPHONEOS_DEPLOYMENT_TARGET = 6.0;
				SDKROOT = iphoneos;
			};
			name = Debug;
		};
		882DD84D15988B55004B0134 /* Release */ = {
			isa = XCBuildConfiguration;
			buildSettings = {
				ALWAYS_SEARCH_USER_PATHS = NO;
				CLANG_CXX_LANGUAGE_STANDARD = "gnu++0x";
				CLANG_ENABLE_OBJC_ARC = YES;
				CLANG_WARN__DUPLICATE_METHOD_MATCH = YES;
				"CODE_SIGN_IDENTITY[sdk=iphoneos*]" = "iPhone Developer";
				COPY_PHASE_STRIP = YES;
				GCC_C_LANGUAGE_STANDARD = gnu99;
				GCC_WARN_ABOUT_RETURN_TYPE = YES;
				GCC_WARN_UNINITIALIZED_AUTOS = YES;
				GCC_WARN_UNUSED_VARIABLE = YES;
				IPHONEOS_DEPLOYMENT_TARGET = 6.0;
				OTHER_CFLAGS = "-DNS_BLOCK_ASSERTIONS=1";
				SDKROOT = iphoneos;
				VALIDATE_PRODUCT = YES;
			};
			name = Release;
		};
		882DD84F15988B55004B0134 /* Debug */ = {
			isa = XCBuildConfiguration;
			baseConfigurationReference = FBB15FE7DBD642B4A7A9CD67 /* Pods.xcconfig */;
			buildSettings = {
				DSTROOT = /tmp/xcodeproj.dst;
				GCC_PRECOMPILE_PREFIX_HEADER = YES;
				GCC_PREFIX_HEADER = "RestKitDemo1/RestKitDemo1-Prefix.pch";
				GCC_VERSION = com.apple.compilers.llvm.clang.1_0;
				INFOPLIST_FILE = "RestKitDemo1/RestKitDemo1-Info.plist";
				PRODUCT_NAME = "$(TARGET_NAME)";
				SKIP_INSTALL = YES;
				TARGETED_DEVICE_FAMILY = 1;
				WRAPPER_EXTENSION = app;
			};
			name = Debug;
		};
		882DD85015988B55004B0134 /* Release */ = {
			isa = XCBuildConfiguration;
			baseConfigurationReference = FBB15FE7DBD642B4A7A9CD67 /* Pods.xcconfig */;
			buildSettings = {
				DSTROOT = /tmp/xcodeproj.dst;
				GCC_PRECOMPILE_PREFIX_HEADER = YES;
				GCC_PREFIX_HEADER = "RestKitDemo1/RestKitDemo1-Prefix.pch";
				GCC_VERSION = com.apple.compilers.llvm.clang.1_0;
				INFOPLIST_FILE = "RestKitDemo1/RestKitDemo1-Info.plist";
				PRODUCT_NAME = "$(TARGET_NAME)";
				SKIP_INSTALL = YES;
				TARGETED_DEVICE_FAMILY = 1;
				WRAPPER_EXTENSION = app;
			};
			name = Release;
		};
/* End XCBuildConfiguration section */

/* Begin XCConfigurationList section */
		882DD83015988B55004B0134 /* Build configuration list for PBXProject "RestKitDemo1" */ = {
			isa = XCConfigurationList;
			buildConfigurations = (
				882DD84C15988B55004B0134 /* Debug */,
				882DD84D15988B55004B0134 /* Release */,
			);
			defaultConfigurationIsVisible = 0;
			defaultConfigurationName = Release;
		};
		882DD84E15988B55004B0134 /* Build configuration list for PBXNativeTarget "RestKitDemo1" */ = {
			isa = XCConfigurationList;
			buildConfigurations = (
				882DD84F15988B55004B0134 /* Debug */,
				882DD85015988B55004B0134 /* Release */,
			);
			defaultConfigurationIsVisible = 0;
			defaultConfigurationName = Release;
		};
/* End XCConfigurationList section */
	};
	rootObject = 882DD82D15988B55004B0134 /* Project object */;
}
