// !$*UTF8*$!
{
	archiveVersion = 1;
	classes = {
	};
	objectVersion = 46;
	objects = {

/* Begin PBXBuildFile section */
		885A51C2151A6BF500703B73 /* UIKit.framework in Frameworks */ = {isa = PBXBuildFile; fileRef = 885A51C1151A6BF500703B73 /* UIKit.framework */; };
		885A51C4151A6BF500703B73 /* Foundation.framework in Frameworks */ = {isa = PBXBuildFile; fileRef = 885A51C3151A6BF500703B73 /* Foundation.framework */; };
		885A51C6151A6BF500703B73 /* CoreGraphics.framework in Frameworks */ = {isa = PBXBuildFile; fileRef = 885A51C5151A6BF500703B73 /* CoreGraphics.framework */; };
		885A51CC151A6BF500703B73 /* InfoPlist.strings in Resources */ = {isa = PBXBuildFile; fileRef = 885A51CA151A6BF500703B73 /* InfoPlist.strings */; };
		885A51CE151A6BF500703B73 /* main.m in Sources */ = {isa = PBXBuildFile; fileRef = 885A51CD151A6BF500703B73 /* main.m */; };
		885A51D2151A6BF500703B73 /* AppDelegate.m in Sources */ = {isa = PBXBuildFile; fileRef = 885A51D1151A6BF500703B73 /* AppDelegate.m */; };
		885A51EC151A70EB00703B73 /* libRestKit.a in Frameworks */ = {isa = PBXBuildFile; fileRef = 885A51E3151A706A00703B73 /* libRestKit.a */; };
		885A51EE151A710800703B73 /* CFNetwork.framework in Frameworks */ = {isa = PBXBuildFile; fileRef = 885A51ED151A710800703B73 /* CFNetwork.framework */; };
		885A51F0151A711100703B73 /* CoreData.framework in Frameworks */ = {isa = PBXBuildFile; fileRef = 885A51EF151A711100703B73 /* CoreData.framework */; };
		885A51F2151A711B00703B73 /* MobileCoreServices.framework in Frameworks */ = {isa = PBXBuildFile; fileRef = 885A51F1151A711B00703B73 /* MobileCoreServices.framework */; };
		885A51F4151A712200703B73 /* Security.framework in Frameworks */ = {isa = PBXBuildFile; fileRef = 885A51F3151A712200703B73 /* Security.framework */; };
		885A51F6151A712C00703B73 /* SystemConfiguration.framework in Frameworks */ = {isa = PBXBuildFile; fileRef = 885A51F5151A712C00703B73 /* SystemConfiguration.framework */; };
		885A51F8151A713600703B73 /* QuartzCore.framework in Frameworks */ = {isa = PBXBuildFile; fileRef = 885A51F7151A713600703B73 /* QuartzCore.framework */; };
		885A51FA151A714100703B73 /* libxml2.dylib in Frameworks */ = {isa = PBXBuildFile; fileRef = 885A51F9151A714100703B73 /* libxml2.dylib */; };
		885A5210151A72CE00703B73 /* Example1ViewController.m in Sources */ = {isa = PBXBuildFile; fileRef = 885A520E151A72CE00703B73 /* Example1ViewController.m */; };
		885A5211151A72CE00703B73 /* Example1ViewController.xib in Resources */ = {isa = PBXBuildFile; fileRef = 885A520F151A72CE00703B73 /* Example1ViewController.xib */; };
/* End PBXBuildFile section */

/* Begin PBXContainerItemProxy section */
		885A51E2151A706A00703B73 /* PBXContainerItemProxy */ = {
			isa = PBXContainerItemProxy;
			containerPortal = 885A51D8151A706A00703B73 /* RestKit.xcodeproj */;
			proxyType = 2;
			remoteGlobalIDString = 25160D1614564E810060A5C5;
			remoteInfo = RestKit;
		};
		885A51E4151A706A00703B73 /* PBXContainerItemProxy */ = {
			isa = PBXContainerItemProxy;
			containerPortal = 885A51D8151A706A00703B73 /* RestKit.xcodeproj */;
			proxyType = 2;
			remoteGlobalIDString = 25160D2614564E820060A5C5;
			remoteInfo = RestKitTests;
		};
		885A51E6151A706A00703B73 /* PBXContainerItemProxy */ = {
			isa = PBXContainerItemProxy;
			containerPortal = 885A51D8151A706A00703B73 /* RestKit.xcodeproj */;
			proxyType = 2;
			remoteGlobalIDString = 25160E62145651060060A5C5;
			remoteInfo = RestKitFramework;
		};
		885A51E8151A706A00703B73 /* PBXContainerItemProxy */ = {
			isa = PBXContainerItemProxy;
			containerPortal = 885A51D8151A706A00703B73 /* RestKit.xcodeproj */;
			proxyType = 2;
			remoteGlobalIDString = 25160E78145651060060A5C5;
			remoteInfo = RestKitFrameworkTests;
		};
		885A51EA151A70E500703B73 /* PBXContainerItemProxy */ = {
			isa = PBXContainerItemProxy;
			containerPortal = 885A51D8151A706A00703B73 /* RestKit.xcodeproj */;
			proxyType = 1;
			remoteGlobalIDString = 25160D1514564E810060A5C5;
			remoteInfo = RestKit;
		};
/* End PBXContainerItemProxy section */

/* Begin PBXFileReference section */
		885A51BD151A6BF500703B73 /* RestKitDemo1.app */ = {isa = PBXFileReference; explicitFileType = wrapper.application; includeInIndex = 0; path = RestKitDemo1.app; sourceTree = BUILT_PRODUCTS_DIR; };
		885A51C1151A6BF500703B73 /* UIKit.framework */ = {isa = PBXFileReference; lastKnownFileType = wrapper.framework; name = UIKit.framework; path = System/Library/Frameworks/UIKit.framework; sourceTree = SDKROOT; };
		885A51C3151A6BF500703B73 /* Foundation.framework */ = {isa = PBXFileReference; lastKnownFileType = wrapper.framework; name = Foundation.framework; path = System/Library/Frameworks/Foundation.framework; sourceTree = SDKROOT; };
		885A51C5151A6BF500703B73 /* CoreGraphics.framework */ = {isa = PBXFileReference; lastKnownFileType = wrapper.framework; name = CoreGraphics.framework; path = System/Library/Frameworks/CoreGraphics.framework; sourceTree = SDKROOT; };
		885A51C9151A6BF500703B73 /* RestKitDemo1-Info.plist */ = {isa = PBXFileReference; lastKnownFileType = text.plist.xml; path = "RestKitDemo1-Info.plist"; sourceTree = "<group>"; };
		885A51CB151A6BF500703B73 /* en */ = {isa = PBXFileReference; lastKnownFileType = text.plist.strings; name = en; path = en.lproj/InfoPlist.strings; sourceTree = "<group>"; };
		885A51CD151A6BF500703B73 /* main.m */ = {isa = PBXFileReference; lastKnownFileType = sourcecode.c.objc; path = main.m; sourceTree = "<group>"; };
		885A51CF151A6BF500703B73 /* RestKitDemo1-Prefix.pch */ = {isa = PBXFileReference; lastKnownFileType = sourcecode.c.h; path = "RestKitDemo1-Prefix.pch"; sourceTree = "<group>"; };
		885A51D0151A6BF500703B73 /* AppDelegate.h */ = {isa = PBXFileReference; lastKnownFileType = sourcecode.c.h; path = AppDelegate.h; sourceTree = "<group>"; };
		885A51D1151A6BF500703B73 /* AppDelegate.m */ = {isa = PBXFileReference; lastKnownFileType = sourcecode.c.objc; path = AppDelegate.m; sourceTree = "<group>"; };
		885A51D8151A706A00703B73 /* RestKit.xcodeproj */ = {isa = PBXFileReference; lastKnownFileType = "wrapper.pb-project"; name = RestKit.xcodeproj; path = ../Frameworks/RestKit/RestKit.xcodeproj; sourceTree = "<group>"; };
		885A51ED151A710800703B73 /* CFNetwork.framework */ = {isa = PBXFileReference; lastKnownFileType = wrapper.framework; name = CFNetwork.framework; path = System/Library/Frameworks/CFNetwork.framework; sourceTree = SDKROOT; };
		885A51EF151A711100703B73 /* CoreData.framework */ = {isa = PBXFileReference; lastKnownFileType = wrapper.framework; name = CoreData.framework; path = System/Library/Frameworks/CoreData.framework; sourceTree = SDKROOT; };
		885A51F1151A711B00703B73 /* MobileCoreServices.framework */ = {isa = PBXFileReference; lastKnownFileType = wrapper.framework; name = MobileCoreServices.framework; path = System/Library/Frameworks/MobileCoreServices.framework; sourceTree = SDKROOT; };
		885A51F3151A712200703B73 /* Security.framework */ = {isa = PBXFileReference; lastKnownFileType = wrapper.framework; name = Security.framework; path = System/Library/Frameworks/Security.framework; sourceTree = SDKROOT; };
		885A51F5151A712C00703B73 /* SystemConfiguration.framework */ = {isa = PBXFileReference; lastKnownFileType = wrapper.framework; name = SystemConfiguration.framework; path = System/Library/Frameworks/SystemConfiguration.framework; sourceTree = SDKROOT; };
		885A51F7151A713600703B73 /* QuartzCore.framework */ = {isa = PBXFileReference; lastKnownFileType = wrapper.framework; name = QuartzCore.framework; path = System/Library/Frameworks/QuartzCore.framework; sourceTree = SDKROOT; };
		885A51F9151A714100703B73 /* libxml2.dylib */ = {isa = PBXFileReference; lastKnownFileType = "compiled.mach-o.dylib"; name = libxml2.dylib; path = usr/lib/libxml2.dylib; sourceTree = SDKROOT; };
		885A520D151A72CD00703B73 /* Example1ViewController.h */ = {isa = PBXFileReference; fileEncoding = 4; lastKnownFileType = sourcecode.c.h; path = Example1ViewController.h; sourceTree = "<group>"; };
		885A520E151A72CE00703B73 /* Example1ViewController.m */ = {isa = PBXFileReference; fileEncoding = 4; lastKnownFileType = sourcecode.c.objc; path = Example1ViewController.m; sourceTree = "<group>"; };
		885A520F151A72CE00703B73 /* Example1ViewController.xib */ = {isa = PBXFileReference; fileEncoding = 4; lastKnownFileType = file.xib; path = Example1ViewController.xib; sourceTree = "<group>"; };
/* End PBXFileReference section */

/* Begin PBXFrameworksBuildPhase section */
		885A51BA151A6BF500703B73 /* Frameworks */ = {
			isa = PBXFrameworksBuildPhase;
			buildActionMask = 2147483647;
			files = (
				885A51FA151A714100703B73 /* libxml2.dylib in Frameworks */,
				885A51F8151A713600703B73 /* QuartzCore.framework in Frameworks */,
				885A51F6151A712C00703B73 /* SystemConfiguration.framework in Frameworks */,
				885A51F4151A712200703B73 /* Security.framework in Frameworks */,
				885A51F2151A711B00703B73 /* MobileCoreServices.framework in Frameworks */,
				885A51F0151A711100703B73 /* CoreData.framework in Frameworks */,
				885A51EE151A710800703B73 /* CFNetwork.framework in Frameworks */,
				885A51EC151A70EB00703B73 /* libRestKit.a in Frameworks */,
				885A51C2151A6BF500703B73 /* UIKit.framework in Frameworks */,
				885A51C4151A6BF500703B73 /* Foundation.framework in Frameworks */,
				885A51C6151A6BF500703B73 /* CoreGraphics.framework in Frameworks */,
			);
			runOnlyForDeploymentPostprocessing = 0;
		};
/* End PBXFrameworksBuildPhase section */

/* Begin PBXGroup section */
		885A51B2151A6BF500703B73 = {
			isa = PBXGroup;
			children = (
				885A51D8151A706A00703B73 /* RestKit.xcodeproj */,
				885A51C7151A6BF500703B73 /* RestKitDemo1 */,
				885A51C0151A6BF500703B73 /* Frameworks */,
				885A51BE151A6BF500703B73 /* Products */,
			);
			sourceTree = "<group>";
		};
		885A51BE151A6BF500703B73 /* Products */ = {
			isa = PBXGroup;
			children = (
				885A51BD151A6BF500703B73 /* RestKitDemo1.app */,
			);
			name = Products;
			sourceTree = "<group>";
		};
		885A51C0151A6BF500703B73 /* Frameworks */ = {
			isa = PBXGroup;
			children = (
				885A51F9151A714100703B73 /* libxml2.dylib */,
				885A51F7151A713600703B73 /* QuartzCore.framework */,
				885A51F5151A712C00703B73 /* SystemConfiguration.framework */,
				885A51F3151A712200703B73 /* Security.framework */,
				885A51F1151A711B00703B73 /* MobileCoreServices.framework */,
				885A51EF151A711100703B73 /* CoreData.framework */,
				885A51ED151A710800703B73 /* CFNetwork.framework */,
				885A51C1151A6BF500703B73 /* UIKit.framework */,
				885A51C3151A6BF500703B73 /* Foundation.framework */,
				885A51C5151A6BF500703B73 /* CoreGraphics.framework */,
			);
			name = Frameworks;
			sourceTree = "<group>";
		};
		885A51C7151A6BF500703B73 /* RestKitDemo1 */ = {
			isa = PBXGroup;
			children = (
				885A51D0151A6BF500703B73 /* AppDelegate.h */,
				885A51D1151A6BF500703B73 /* AppDelegate.m */,
				885A520D151A72CD00703B73 /* Example1ViewController.h */,
				885A520E151A72CE00703B73 /* Example1ViewController.m */,
				885A520F151A72CE00703B73 /* Example1ViewController.xib */,
				885A51C8151A6BF500703B73 /* Supporting Files */,
			);
			path = RestKitDemo1;
			sourceTree = "<group>";
		};
		885A51C8151A6BF500703B73 /* Supporting Files */ = {
			isa = PBXGroup;
			children = (
				885A51C9151A6BF500703B73 /* RestKitDemo1-Info.plist */,
				885A51CA151A6BF500703B73 /* InfoPlist.strings */,
				885A51CD151A6BF500703B73 /* main.m */,
				885A51CF151A6BF500703B73 /* RestKitDemo1-Prefix.pch */,
			);
			name = "Supporting Files";
			sourceTree = "<group>";
		};
		885A51D9151A706A00703B73 /* Products */ = {
			isa = PBXGroup;
			children = (
				885A51E3151A706A00703B73 /* libRestKit.a */,
				885A51E5151A706A00703B73 /* RestKitTests.octest */,
				885A51E7151A706A00703B73 /* RestKit.framework */,
				885A51E9151A706A00703B73 /* RestKitFrameworkTests.octest */,
			);
			name = Products;
			sourceTree = "<group>";
		};
/* End PBXGroup section */

/* Begin PBXNativeTarget section */
		885A51BC151A6BF500703B73 /* RestKitDemo1 */ = {
			isa = PBXNativeTarget;
			buildConfigurationList = 885A51D5151A6BF500703B73 /* Build configuration list for PBXNativeTarget "RestKitDemo1" */;
			buildPhases = (
				885A51B9151A6BF500703B73 /* Sources */,
				885A51BA151A6BF500703B73 /* Frameworks */,
				885A51BB151A6BF500703B73 /* Resources */,
			);
			buildRules = (
			);
			dependencies = (
				885A51EB151A70E500703B73 /* PBXTargetDependency */,
			);
			name = RestKitDemo1;
			productName = RestKitDemo1;
			productReference = 885A51BD151A6BF500703B73 /* RestKitDemo1.app */;
			productType = "com.apple.product-type.application";
		};
/* End PBXNativeTarget section */

/* Begin PBXProject section */
		885A51B4151A6BF500703B73 /* Project object */ = {
			isa = PBXProject;
			attributes = {
				LastUpgradeCheck = 0430;
			};
			buildConfigurationList = 885A51B7151A6BF500703B73 /* Build configuration list for PBXProject "RestKitDemo1" */;
			compatibilityVersion = "Xcode 3.2";
			developmentRegion = English;
			hasScannedForEncodings = 0;
			knownRegions = (
				en,
			);
			mainGroup = 885A51B2151A6BF500703B73;
			productRefGroup = 885A51BE151A6BF500703B73 /* Products */;
			projectDirPath = "";
			projectReferences = (
				{
					ProductGroup = 885A51D9151A706A00703B73 /* Products */;
					ProjectRef = 885A51D8151A706A00703B73 /* RestKit.xcodeproj */;
				},
			);
			projectRoot = "";
			targets = (
				885A51BC151A6BF500703B73 /* RestKitDemo1 */,
			);
		};
/* End PBXProject section */

/* Begin PBXReferenceProxy section */
		885A51E3151A706A00703B73 /* libRestKit.a */ = {
			isa = PBXReferenceProxy;
			fileType = archive.ar;
			path = libRestKit.a;
			remoteRef = 885A51E2151A706A00703B73 /* PBXContainerItemProxy */;
			sourceTree = BUILT_PRODUCTS_DIR;
		};
		885A51E5151A706A00703B73 /* RestKitTests.octest */ = {
			isa = PBXReferenceProxy;
			fileType = wrapper.cfbundle;
			path = RestKitTests.octest;
			remoteRef = 885A51E4151A706A00703B73 /* PBXContainerItemProxy */;
			sourceTree = BUILT_PRODUCTS_DIR;
		};
		885A51E7151A706A00703B73 /* RestKit.framework */ = {
			isa = PBXReferenceProxy;
			fileType = wrapper.framework;
			path = RestKit.framework;
			remoteRef = 885A51E6151A706A00703B73 /* PBXContainerItemProxy */;
			sourceTree = BUILT_PRODUCTS_DIR;
		};
		885A51E9151A706A00703B73 /* RestKitFrameworkTests.octest */ = {
			isa = PBXReferenceProxy;
			fileType = wrapper.cfbundle;
			path = RestKitFrameworkTests.octest;
			remoteRef = 885A51E8151A706A00703B73 /* PBXContainerItemProxy */;
			sourceTree = BUILT_PRODUCTS_DIR;
		};
/* End PBXReferenceProxy section */

/* Begin PBXResourcesBuildPhase section */
		885A51BB151A6BF500703B73 /* Resources */ = {
			isa = PBXResourcesBuildPhase;
			buildActionMask = 2147483647;
			files = (
				885A51CC151A6BF500703B73 /* InfoPlist.strings in Resources */,
				885A5211151A72CE00703B73 /* Example1ViewController.xib in Resources */,
			);
			runOnlyForDeploymentPostprocessing = 0;
		};
/* End PBXResourcesBuildPhase section */

/* Begin PBXSourcesBuildPhase section */
		885A51B9151A6BF500703B73 /* Sources */ = {
			isa = PBXSourcesBuildPhase;
			buildActionMask = 2147483647;
			files = (
				885A51CE151A6BF500703B73 /* main.m in Sources */,
				885A51D2151A6BF500703B73 /* AppDelegate.m in Sources */,
				885A5210151A72CE00703B73 /* Example1ViewController.m in Sources */,
			);
			runOnlyForDeploymentPostprocessing = 0;
		};
/* End PBXSourcesBuildPhase section */

/* Begin PBXTargetDependency section */
		885A51EB151A70E500703B73 /* PBXTargetDependency */ = {
			isa = PBXTargetDependency;
			name = RestKit;
			targetProxy = 885A51EA151A70E500703B73 /* PBXContainerItemProxy */;
		};
/* End PBXTargetDependency section */

/* Begin PBXVariantGroup section */
		885A51CA151A6BF500703B73 /* InfoPlist.strings */ = {
			isa = PBXVariantGroup;
			children = (
				885A51CB151A6BF500703B73 /* en */,
			);
			name = InfoPlist.strings;
			sourceTree = "<group>";
		};
/* End PBXVariantGroup section */

/* Begin XCBuildConfiguration section */
		885A51D3151A6BF500703B73 /* Debug */ = {
			isa = XCBuildConfiguration;
			buildSettings = {
				ALWAYS_SEARCH_USER_PATHS = NO;
				ARCHS = "$(ARCHS_STANDARD_32_BIT)";
				CLANG_ENABLE_OBJC_ARC = YES;
				"CODE_SIGN_IDENTITY[sdk=iphoneos*]" = "iPhone Developer";
				COPY_PHASE_STRIP = NO;
				GCC_C_LANGUAGE_STANDARD = gnu99;
				GCC_DYNAMIC_NO_PIC = NO;
				GCC_OPTIMIZATION_LEVEL = 0;
				GCC_PREPROCESSOR_DEFINITIONS = (
					"DEBUG=1",
					"$(inherited)",
				);
				GCC_SYMBOLS_PRIVATE_EXTERN = NO;
				GCC_VERSION = com.apple.compilers.llvm.clang.1_0;
				GCC_WARN_ABOUT_RETURN_TYPE = YES;
				GCC_WARN_UNINITIALIZED_AUTOS = YES;
				GCC_WARN_UNUSED_VARIABLE = YES;
				IPHONEOS_DEPLOYMENT_TARGET = 5.1;
				SDKROOT = iphoneos;
			};
			name = Debug;
		};
		885A51D4151A6BF500703B73 /* Release */ = {
			isa = XCBuildConfiguration;
			buildSettings = {
				ALWAYS_SEARCH_USER_PATHS = NO;
				ARCHS = "$(ARCHS_STANDARD_32_BIT)";
				CLANG_ENABLE_OBJC_ARC = YES;
				"CODE_SIGN_IDENTITY[sdk=iphoneos*]" = "iPhone Developer";
				COPY_PHASE_STRIP = YES;
				GCC_C_LANGUAGE_STANDARD = gnu99;
				GCC_VERSION = com.apple.compilers.llvm.clang.1_0;
				GCC_WARN_ABOUT_RETURN_TYPE = YES;
				GCC_WARN_UNINITIALIZED_AUTOS = YES;
				GCC_WARN_UNUSED_VARIABLE = YES;
				IPHONEOS_DEPLOYMENT_TARGET = 5.1;
				OTHER_CFLAGS = "-DNS_BLOCK_ASSERTIONS=1";
				SDKROOT = iphoneos;
				VALIDATE_PRODUCT = YES;
			};
			name = Release;
		};
		885A51D6151A6BF500703B73 /* Debug */ = {
			isa = XCBuildConfiguration;
			buildSettings = {
				GCC_PRECOMPILE_PREFIX_HEADER = YES;
				GCC_PREFIX_HEADER = "RestKitDemo1/RestKitDemo1-Prefix.pch";
				HEADER_SEARCH_PATHS = "\"${SOURCE_ROOT}/../Frameworks/RestKit/build\"";
				INFOPLIST_FILE = "RestKitDemo1/RestKitDemo1-Info.plist";
				OTHER_LDFLAGS = (
					"-ObjC",
					"-all_load",
				);
				PRODUCT_NAME = "$(TARGET_NAME)";
				WRAPPER_EXTENSION = app;
			};
			name = Debug;
		};
		885A51D7151A6BF500703B73 /* Release */ = {
			isa = XCBuildConfiguration;
			buildSettings = {
				GCC_PRECOMPILE_PREFIX_HEADER = YES;
				GCC_PREFIX_HEADER = "RestKitDemo1/RestKitDemo1-Prefix.pch";
				HEADER_SEARCH_PATHS = "\"${SOURCE_ROOT}/../Frameworks/RestKit/build\"";
				INFOPLIST_FILE = "RestKitDemo1/RestKitDemo1-Info.plist";
				OTHER_LDFLAGS = (
					"-ObjC",
					"-all_load",
				);
				PRODUCT_NAME = "$(TARGET_NAME)";
				WRAPPER_EXTENSION = app;
			};
			name = Release;
		};
/* End XCBuildConfiguration section */

/* Begin XCConfigurationList section */
		885A51B7151A6BF500703B73 /* Build configuration list for PBXProject "RestKitDemo1" */ = {
			isa = XCConfigurationList;
			buildConfigurations = (
				885A51D3151A6BF500703B73 /* Debug */,
				885A51D4151A6BF500703B73 /* Release */,
			);
			defaultConfigurationIsVisible = 0;
			defaultConfigurationName = Release;
		};
		885A51D5151A6BF500703B73 /* Build configuration list for PBXNativeTarget "RestKitDemo1" */ = {
			isa = XCConfigurationList;
			buildConfigurations = (
				885A51D6151A6BF500703B73 /* Debug */,
				885A51D7151A6BF500703B73 /* Release */,
			);
			defaultConfigurationIsVisible = 0;
		};
/* End XCConfigurationList section */
	};
	rootObject = 885A51B4151A6BF500703B73 /* Project object */;
}
